
Microsoft Visual Studio Solution File, Format Version 12.00
# Visual Studio Version 16
VisualStudioVersion = 16.0.30128.74
MinimumVisualStudioVersion = 10.0.40219.1
Project("{FAE04EC0-301F-11D3-BF4B-00C04F79EFBC}") = "SystemScanner", "SystemScanner.csproj", "{904ADAC2-8D7B-456F-8C5E-E47C17222CC9}"
EndProject
Global
	GlobalSection(SolutionConfigurationPlatforms) = preSolution
		Debug|Any CPU = Debug|Any CPU
		Release|Any CPU = Release|Any CPU
	EndGlobalSection
	GlobalSection(ProjectConfigurationPlatforms) = postSolution
		{904ADAC2-8D7B-456F-8C5E-E47C17222CC9}.Debug|Any CPU.ActiveCfg = Debug|Any CPU
		{904ADAC2-8D7B-456F-8C5E-E47C17222CC9}.Debug|Any CPU.Build.0 = Debug|Any CPU
		{904ADAC2-8D7B-456F-8C5E-E47C17222CC9}.Release|Any CPU.ActiveCfg = Release|Any CPU
		{904ADAC2-8D7B-456F-8C5E-E47C17222CC9}.Release|Any CPU.Build.0 = Release|Any CPU
	EndGlobalSection
	GlobalSection(SolutionProperties) = preSolution
		HideSolutionNode = FALSE
	EndGlobalSection
	GlobalSection(ExtensibilityGlobals) = postSolution
		SolutionGuid = {C4DBEAE7-588F-4951-9600-A7C537F32D6F}
	EndGlobalSection
EndGlobal
